
Microsoft Visual Studio Solution File, Format Version 12.00
# Visual Studio Version 17
VisualStudioVersion = 17.8.34309.116
MinimumVisualStudioVersion = 10.0.40219.1
Project("{FAE04EC0-301F-11D3-BF4B-00C04F79EFBC}") = "ProdavnicaKompjuterskeOpreme", "ProdavnicaKompjuterskeOpreme\ProdavnicaKompjuterskeOpreme.csproj", "{BD661075-362F-4165-9C13-69117674C460}"
EndProject
Global
	GlobalSection(SolutionConfigurationPlatforms) = preSolution
		Debug|Any CPU = Debug|Any CPU
		Release|Any CPU = Release|Any CPU
	EndGlobalSection
	GlobalSection(ProjectConfigurationPlatforms) = postSolution
		{BD661075-362F-4165-9C13-69117674C460}.Debug|Any CPU.ActiveCfg = Debug|Any CPU
		{BD661075-362F-4165-9C13-69117674C460}.Debug|Any CPU.Build.0 = Debug|Any CPU
		{BD661075-362F-4165-9C13-69117674C460}.Release|Any CPU.ActiveCfg = Release|Any CPU
		{BD661075-362F-4165-9C13-69117674C460}.Release|Any CPU.Build.0 = Release|Any CPU
	EndGlobalSection
	GlobalSection(SolutionProperties) = preSolution
		HideSolutionNode = FALSE
	EndGlobalSection
	GlobalSection(ExtensibilityGlobals) = postSolution
		SolutionGuid = {7EF68258-F79C-4325-88D1-ACC26D63908B}
	EndGlobalSection
EndGlobal
